// !$*UTF8*$!
{
	archiveVersion = 1;
	classes = {
	};
	objectVersion = 51;
	objects = {

/* Begin PBXBuildFile section */
		1EC41010CF3237BA36C146FA /* Pods_AppstoreSearch.framework in Frameworks */ = {isa = PBXBuildFile; fileRef = 5542BF0922D36CA9B35DFB04 /* Pods_AppstoreSearch.framework */; };
		7001D24E250DEC4500BEF519 /* UIView_Extension.swift in Sources */ = {isa = PBXBuildFile; fileRef = 7001D24D250DEC4500BEF519 /* UIView_Extension.swift */; };
		7017930E250A6533007A8A44 /* TableViewCellTypes.swift in Sources */ = {isa = PBXBuildFile; fileRef = 7017930D250A6533007A8A44 /* TableViewCellTypes.swift */; };
		70230EC2250A824000CB316D /* UIImageView+Extension.swift in Sources */ = {isa = PBXBuildFile; fileRef = 70230EC1250A824000CB316D /* UIImageView+Extension.swift */; };
		702D0138250911C700C05D25 /* MainViewController.swift in Sources */ = {isa = PBXBuildFile; fileRef = 702D0137250911C700C05D25 /* MainViewController.swift */; };
		7033AB17250CBD12008AAB0F /* DetailViewController.swift in Sources */ = {isa = PBXBuildFile; fileRef = 7033AB16250CBD12008AAB0F /* DetailViewController.swift */; };
		708357E7250E094200BF48B3 /* AppDetailViewController.swift in Sources */ = {isa = PBXBuildFile; fileRef = 708357E6250E094200BF48B3 /* AppDetailViewController.swift */; };
		708E06812508FCAF00F1F140 /* AppDelegate.swift in Sources */ = {isa = PBXBuildFile; fileRef = 708E06802508FCAF00F1F140 /* AppDelegate.swift */; };
		708E06832508FCAF00F1F140 /* SceneDelegate.swift in Sources */ = {isa = PBXBuildFile; fileRef = 708E06822508FCAF00F1F140 /* SceneDelegate.swift */; };
		708E06882508FCAF00F1F140 /* Main.storyboard in Resources */ = {isa = PBXBuildFile; fileRef = 708E06862508FCAF00F1F140 /* Main.storyboard */; };
		708E068A2508FCB000F1F140 /* Assets.xcassets in Resources */ = {isa = PBXBuildFile; fileRef = 708E06892508FCB000F1F140 /* Assets.xcassets */; };
		708E068D2508FCB000F1F140 /* LaunchScreen.storyboard in Resources */ = {isa = PBXBuildFile; fileRef = 708E068B2508FCB000F1F140 /* LaunchScreen.storyboard */; };
		70CF82B2250CE6BD007A4A92 /* AppDataModel.swift in Sources */ = {isa = PBXBuildFile; fileRef = 70CF82B1250CE6BD007A4A92 /* AppDataModel.swift */; };
/* End PBXBuildFile section */

/* Begin PBXFileReference section */
		5542BF0922D36CA9B35DFB04 /* Pods_AppstoreSearch.framework */ = {isa = PBXFileReference; explicitFileType = wrapper.framework; includeInIndex = 0; path = Pods_AppstoreSearch.framework; sourceTree = BUILT_PRODUCTS_DIR; };
		7001D24D250DEC4500BEF519 /* UIView_Extension.swift */ = {isa = PBXFileReference; lastKnownFileType = sourcecode.swift; path = UIView_Extension.swift; sourceTree = "<group>"; };
		7017930D250A6533007A8A44 /* TableViewCellTypes.swift */ = {isa = PBXFileReference; lastKnownFileType = sourcecode.swift; path = TableViewCellTypes.swift; sourceTree = "<group>"; };
		70230EC1250A824000CB316D /* UIImageView+Extension.swift */ = {isa = PBXFileReference; lastKnownFileType = sourcecode.swift; path = "UIImageView+Extension.swift"; sourceTree = "<group>"; };
		702D0137250911C700C05D25 /* MainViewController.swift */ = {isa = PBXFileReference; lastKnownFileType = sourcecode.swift; path = MainViewController.swift; sourceTree = "<group>"; };
		7033AB16250CBD12008AAB0F /* DetailViewController.swift */ = {isa = PBXFileReference; lastKnownFileType = sourcecode.swift; path = DetailViewController.swift; sourceTree = "<group>"; };
		708357E6250E094200BF48B3 /* AppDetailViewController.swift */ = {isa = PBXFileReference; lastKnownFileType = sourcecode.swift; path = AppDetailViewController.swift; sourceTree = "<group>"; };
		708E067D2508FCAF00F1F140 /* AppstoreSearch.app */ = {isa = PBXFileReference; explicitFileType = wrapper.application; includeInIndex = 0; path = AppstoreSearch.app; sourceTree = BUILT_PRODUCTS_DIR; };
		708E06802508FCAF00F1F140 /* AppDelegate.swift */ = {isa = PBXFileReference; lastKnownFileType = sourcecode.swift; path = AppDelegate.swift; sourceTree = "<group>"; };
		708E06822508FCAF00F1F140 /* SceneDelegate.swift */ = {isa = PBXFileReference; lastKnownFileType = sourcecode.swift; path = SceneDelegate.swift; sourceTree = "<group>"; };
		708E06872508FCAF00F1F140 /* Base */ = {isa = PBXFileReference; lastKnownFileType = file.storyboard; name = Base; path = Base.lproj/Main.storyboard; sourceTree = "<group>"; };
		708E06892508FCB000F1F140 /* Assets.xcassets */ = {isa = PBXFileReference; lastKnownFileType = folder.assetcatalog; path = Assets.xcassets; sourceTree = "<group>"; };
		708E068C2508FCB000F1F140 /* Base */ = {isa = PBXFileReference; lastKnownFileType = file.storyboard; name = Base; path = Base.lproj/LaunchScreen.storyboard; sourceTree = "<group>"; };
		708E068E2508FCB000F1F140 /* Info.plist */ = {isa = PBXFileReference; lastKnownFileType = text.plist.xml; path = Info.plist; sourceTree = "<group>"; };
		70CF82B1250CE6BD007A4A92 /* AppDataModel.swift */ = {isa = PBXFileReference; lastKnownFileType = sourcecode.swift; path = AppDataModel.swift; sourceTree = "<group>"; };
		D6F46F42F3E686FB03407EF8 /* Pods-AppstoreSearch.debug.xcconfig */ = {isa = PBXFileReference; includeInIndex = 1; lastKnownFileType = text.xcconfig; name = "Pods-AppstoreSearch.debug.xcconfig"; path = "Target Support Files/Pods-AppstoreSearch/Pods-AppstoreSearch.debug.xcconfig"; sourceTree = "<group>"; };
		FC180C084F33240CC8FFC1E9 /* Pods-AppstoreSearch.release.xcconfig */ = {isa = PBXFileReference; includeInIndex = 1; lastKnownFileType = text.xcconfig; name = "Pods-AppstoreSearch.release.xcconfig"; path = "Target Support Files/Pods-AppstoreSearch/Pods-AppstoreSearch.release.xcconfig"; sourceTree = "<group>"; };
/* End PBXFileReference section */

/* Begin PBXFrameworksBuildPhase section */
		708E067A2508FCAF00F1F140 /* Frameworks */ = {
			isa = PBXFrameworksBuildPhase;
			buildActionMask = 2147483647;
			files = (
				1EC41010CF3237BA36C146FA /* Pods_AppstoreSearch.framework in Frameworks */,
			);
			runOnlyForDeploymentPostprocessing = 0;
		};
/* End PBXFrameworksBuildPhase section */

/* Begin PBXGroup section */
		5AE9F18CDF939BF135D2D450 /* Pods */ = {
			isa = PBXGroup;
			children = (
				D6F46F42F3E686FB03407EF8 /* Pods-AppstoreSearch.debug.xcconfig */,
				FC180C084F33240CC8FFC1E9 /* Pods-AppstoreSearch.release.xcconfig */,
			);
			path = Pods;
			sourceTree = "<group>";
		};
		70230EC0250A820500CB316D /* Utils */ = {
			isa = PBXGroup;
			children = (
				70230EC1250A824000CB316D /* UIImageView+Extension.swift */,
				7001D24D250DEC4500BEF519 /* UIView_Extension.swift */,
			);
			path = Utils;
			sourceTree = "<group>";
		};
		708E06742508FCAF00F1F140 = {
			isa = PBXGroup;
			children = (
				708E067F2508FCAF00F1F140 /* AppstoreSearch */,
				708E067E2508FCAF00F1F140 /* Products */,
				5AE9F18CDF939BF135D2D450 /* Pods */,
				B9B1598FF617A470C2A364EE /* Frameworks */,
			);
			sourceTree = "<group>";
		};
		708E067E2508FCAF00F1F140 /* Products */ = {
			isa = PBXGroup;
			children = (
				708E067D2508FCAF00F1F140 /* AppstoreSearch.app */,
			);
			name = Products;
			sourceTree = "<group>";
		};
		708E067F2508FCAF00F1F140 /* AppstoreSearch */ = {
			isa = PBXGroup;
			children = (
				70CF82B3250D1CE4007A4A92 /* Model */,
				70230EC0250A820500CB316D /* Utils */,
				708E06802508FCAF00F1F140 /* AppDelegate.swift */,
				708E06822508FCAF00F1F140 /* SceneDelegate.swift */,
				702D0137250911C700C05D25 /* MainViewController.swift */,
				7017930D250A6533007A8A44 /* TableViewCellTypes.swift */,
				7033AB16250CBD12008AAB0F /* DetailViewController.swift */,
				708357E6250E094200BF48B3 /* AppDetailViewController.swift */,
				708E06862508FCAF00F1F140 /* Main.storyboard */,
				708E06892508FCB000F1F140 /* Assets.xcassets */,
				708E068B2508FCB000F1F140 /* LaunchScreen.storyboard */,
				708E068E2508FCB000F1F140 /* Info.plist */,
			);
			path = AppstoreSearch;
			sourceTree = "<group>";
		};
		70CF82B3250D1CE4007A4A92 /* Model */ = {
			isa = PBXGroup;
			children = (
				70CF82B1250CE6BD007A4A92 /* AppDataModel.swift */,
			);
			path = Model;
			sourceTree = "<group>";
		};
		B9B1598FF617A470C2A364EE /* Frameworks */ = {
			isa = PBXGroup;
			children = (
				5542BF0922D36CA9B35DFB04 /* Pods_AppstoreSearch.framework */,
			);
			name = Frameworks;
			sourceTree = "<group>";
		};
/* End PBXGroup section */

/* Begin PBXNativeTarget section */
		708E067C2508FCAF00F1F140 /* AppstoreSearch */ = {
			isa = PBXNativeTarget;
			buildConfigurationList = 708E06912508FCB000F1F140 /* Build configuration list for PBXNativeTarget "AppstoreSearch" */;
			buildPhases = (
				41EA01D3920448F127C0659D /* [CP] Check Pods Manifest.lock */,
				708E06792508FCAF00F1F140 /* Sources */,
				708E067A2508FCAF00F1F140 /* Frameworks */,
				708E067B2508FCAF00F1F140 /* Resources */,
				9B078D172E4359EBF3FA66C1 /* [CP] Embed Pods Frameworks */,
			);
			buildRules = (
			);
			dependencies = (
			);
			name = AppstoreSearch;
			productName = AppstoreSearch;
			productReference = 708E067D2508FCAF00F1F140 /* AppstoreSearch.app */;
			productType = "com.apple.product-type.application";
		};
/* End PBXNativeTarget section */

/* Begin PBXProject section */
		708E06752508FCAF00F1F140 /* Project object */ = {
			isa = PBXProject;
			attributes = {
				LastSwiftUpdateCheck = 1170;
				LastUpgradeCheck = 1170;
				ORGANIZATIONNAME = yeowongu;
				TargetAttributes = {
					708E067C2508FCAF00F1F140 = {
						CreatedOnToolsVersion = 11.7;
					};
				};
			};
			buildConfigurationList = 708E06782508FCAF00F1F140 /* Build configuration list for PBXProject "AppstoreSearch" */;
			compatibilityVersion = "Xcode 9.3";
			developmentRegion = en;
			hasScannedForEncodings = 0;
			knownRegions = (
				en,
				Base,
			);
			mainGroup = 708E06742508FCAF00F1F140;
			productRefGroup = 708E067E2508FCAF00F1F140 /* Products */;
			projectDirPath = "";
			projectRoot = "";
			targets = (
				708E067C2508FCAF00F1F140 /* AppstoreSearch */,
			);
		};
/* End PBXProject section */

/* Begin PBXResourcesBuildPhase section */
		708E067B2508FCAF00F1F140 /* Resources */ = {
			isa = PBXResourcesBuildPhase;
			buildActionMask = 2147483647;
			files = (
				708E068D2508FCB000F1F140 /* LaunchScreen.storyboard in Resources */,
				708E068A2508FCB000F1F140 /* Assets.xcassets in Resources */,
				708E06882508FCAF00F1F140 /* Main.storyboard in Resources */,
			);
			runOnlyForDeploymentPostprocessing = 0;
		};
/* End PBXResourcesBuildPhase section */

/* Begin PBXShellScriptBuildPhase section */
		41EA01D3920448F127C0659D /* [CP] Check Pods Manifest.lock */ = {
			isa = PBXShellScriptBuildPhase;
			buildActionMask = 2147483647;
			files = (
			);
			inputFileListPaths = (
			);
			inputPaths = (
				"${PODS_PODFILE_DIR_PATH}/Podfile.lock",
				"${PODS_ROOT}/Manifest.lock",
			);
			name = "[CP] Check Pods Manifest.lock";
			outputFileListPaths = (
			);
			outputPaths = (
				"$(DERIVED_FILE_DIR)/Pods-AppstoreSearch-checkManifestLockResult.txt",
			);
			runOnlyForDeploymentPostprocessing = 0;
			shellPath = /bin/sh;
			shellScript = "diff \"${PODS_PODFILE_DIR_PATH}/Podfile.lock\" \"${PODS_ROOT}/Manifest.lock\" > /dev/null\nif [ $? != 0 ] ; then\n    # print error to STDERR\n    echo \"error: The sandbox is not in sync with the Podfile.lock. Run 'pod install' or update your CocoaPods installation.\" >&2\n    exit 1\nfi\n# This output is used by Xcode 'outputs' to avoid re-running this script phase.\necho \"SUCCESS\" > \"${SCRIPT_OUTPUT_FILE_0}\"\n";
			showEnvVarsInLog = 0;
		};
		9B078D172E4359EBF3FA66C1 /* [CP] Embed Pods Frameworks */ = {
			isa = PBXShellScriptBuildPhase;
			buildActionMask = 2147483647;
			files = (
			);
			inputFileListPaths = (
				"${PODS_ROOT}/Target Support Files/Pods-AppstoreSearch/Pods-AppstoreSearch-frameworks-${CONFIGURATION}-input-files.xcfilelist",
			);
			name = "[CP] Embed Pods Frameworks";
			outputFileListPaths = (
				"${PODS_ROOT}/Target Support Files/Pods-AppstoreSearch/Pods-AppstoreSearch-frameworks-${CONFIGURATION}-output-files.xcfilelist",
			);
			runOnlyForDeploymentPostprocessing = 0;
			shellPath = /bin/sh;
			shellScript = "\"${PODS_ROOT}/Target Support Files/Pods-AppstoreSearch/Pods-AppstoreSearch-frameworks.sh\"\n";
			showEnvVarsInLog = 0;
		};
/* End PBXShellScriptBuildPhase section */

/* Begin PBXSourcesBuildPhase section */
		708E06792508FCAF00F1F140 /* Sources */ = {
			isa = PBXSourcesBuildPhase;
			buildActionMask = 2147483647;
			files = (
				708357E7250E094200BF48B3 /* AppDetailViewController.swift in Sources */,
				70230EC2250A824000CB316D /* UIImageView+Extension.swift in Sources */,
				708E06812508FCAF00F1F140 /* AppDelegate.swift in Sources */,
				70CF82B2250CE6BD007A4A92 /* AppDataModel.swift in Sources */,
				708E06832508FCAF00F1F140 /* SceneDelegate.swift in Sources */,
				7033AB17250CBD12008AAB0F /* DetailViewController.swift in Sources */,
				702D0138250911C700C05D25 /* MainViewController.swift in Sources */,
				7001D24E250DEC4500BEF519 /* UIView_Extension.swift in Sources */,
				7017930E250A6533007A8A44 /* TableViewCellTypes.swift in Sources */,
			);
			runOnlyForDeploymentPostprocessing = 0;
		};
/* End PBXSourcesBuildPhase section */

/* Begin PBXVariantGroup section */
		708E06862508FCAF00F1F140 /* Main.storyboard */ = {
			isa = PBXVariantGroup;
			children = (
				708E06872508FCAF00F1F140 /* Base */,
			);
			name = Main.storyboard;
			sourceTree = "<group>";
		};
		708E068B2508FCB000F1F140 /* LaunchScreen.storyboard */ = {
			isa = PBXVariantGroup;
			children = (
				708E068C2508FCB000F1F140 /* Base */,
			);
			name = LaunchScreen.storyboard;
			sourceTree = "<group>";
		};
/* End PBXVariantGroup section */

/* Begin XCBuildConfiguration section */
		708E068F2508FCB000F1F140 /* Debug */ = {
			isa = XCBuildConfiguration;
			buildSettings = {
				ALWAYS_SEARCH_USER_PATHS = NO;
				CLANG_ANALYZER_NONNULL = YES;
				CLANG_ANALYZER_NUMBER_OBJECT_CONVERSION = YES_AGGRESSIVE;
				CLANG_CXX_LANGUAGE_STANDARD = "gnu++14";
				CLANG_CXX_LIBRARY = "libc++";
				CLANG_ENABLE_MODULES = YES;
				CLANG_ENABLE_OBJC_ARC = YES;
				CLANG_ENABLE_OBJC_WEAK = YES;
				CLANG_WARN_BLOCK_CAPTURE_AUTORELEASING = YES;
				CLANG_WARN_BOOL_CONVERSION = YES;
				CLANG_WARN_COMMA = YES;
				CLANG_WARN_CONSTANT_CONVERSION = YES;
				CLANG_WARN_DEPRECATED_OBJC_IMPLEMENTATIONS = YES;
				CLANG_WARN_DIRECT_OBJC_ISA_USAGE = YES_ERROR;
				CLANG_WARN_DOCUMENTATION_COMMENTS = YES;
				CLANG_WARN_EMPTY_BODY = YES;
				CLANG_WARN_ENUM_CONVERSION = YES;
				CLANG_WARN_INFINITE_RECURSION = YES;
				CLANG_WARN_INT_CONVERSION = YES;
				CLANG_WARN_NON_LITERAL_NULL_CONVERSION = YES;
				CLANG_WARN_OBJC_IMPLICIT_RETAIN_SELF = YES;
				CLANG_WARN_OBJC_LITERAL_CONVERSION = YES;
				CLANG_WARN_OBJC_ROOT_CLASS = YES_ERROR;
				CLANG_WARN_RANGE_LOOP_ANALYSIS = YES;
				CLANG_WARN_STRICT_PROTOTYPES = YES;
				CLANG_WARN_SUSPICIOUS_MOVE = YES;
				CLANG_WARN_UNGUARDED_AVAILABILITY = YES_AGGRESSIVE;
				CLANG_WARN_UNREACHABLE_CODE = YES;
				CLANG_WARN__DUPLICATE_METHOD_MATCH = YES;
				COPY_PHASE_STRIP = NO;
				DEBUG_INFORMATION_FORMAT = dwarf;
				ENABLE_STRICT_OBJC_MSGSEND = YES;
				ENABLE_TESTABILITY = YES;
				GCC_C_LANGUAGE_STANDARD = gnu11;
				GCC_DYNAMIC_NO_PIC = NO;
				GCC_NO_COMMON_BLOCKS = YES;
				GCC_OPTIMIZATION_LEVEL = 0;
				GCC_PREPROCESSOR_DEFINITIONS = (
					"DEBUG=1",
					"$(inherited)",
				);
				GCC_WARN_64_TO_32_BIT_CONVERSION = YES;
				GCC_WARN_ABOUT_RETURN_TYPE = YES_ERROR;
				GCC_WARN_UNDECLARED_SELECTOR = YES;
				GCC_WARN_UNINITIALIZED_AUTOS = YES_AGGRESSIVE;
				GCC_WARN_UNUSED_FUNCTION = YES;
				GCC_WARN_UNUSED_VARIABLE = YES;
				IPHONEOS_DEPLOYMENT_TARGET = 13.7;
				MTL_ENABLE_DEBUG_INFO = INCLUDE_SOURCE;
				MTL_FAST_MATH = YES;
				ONLY_ACTIVE_ARCH = YES;
				SDKROOT = iphoneos;
				SWIFT_ACTIVE_COMPILATION_CONDITIONS = DEBUG;
				SWIFT_OPTIMIZATION_LEVEL = "-Onone";
			};
			name = Debug;
		};
		708E06902508FCB000F1F140 /* Release */ = {
			isa = XCBuildConfiguration;
			buildSettings = {
				ALWAYS_SEARCH_USER_PATHS = NO;
				CLANG_ANALYZER_NONNULL = YES;
				CLANG_ANALYZER_NUMBER_OBJECT_CONVERSION = YES_AGGRESSIVE;
				CLANG_CXX_LANGUAGE_STANDARD = "gnu++14";
				CLANG_CXX_LIBRARY = "libc++";
				CLANG_ENABLE_MODULES = YES;
				CLANG_ENABLE_OBJC_ARC = YES;
				CLANG_ENABLE_OBJC_WEAK = YES;
				CLANG_WARN_BLOCK_CAPTURE_AUTORELEASING = YES;
				CLANG_WARN_BOOL_CONVERSION = YES;
				CLANG_WARN_COMMA = YES;
				CLANG_WARN_CONSTANT_CONVERSION = YES;
				CLANG_WARN_DEPRECATED_OBJC_IMPLEMENTATIONS = YES;
				CLANG_WARN_DIRECT_OBJC_ISA_USAGE = YES_ERROR;
				CLANG_WARN_DOCUMENTATION_COMMENTS = YES;
				CLANG_WARN_EMPTY_BODY = YES;
				CLANG_WARN_ENUM_CONVERSION = YES;
				CLANG_WARN_INFINITE_RECURSION = YES;
				CLANG_WARN_INT_CONVERSION = YES;
				CLANG_WARN_NON_LITERAL_NULL_CONVERSION = YES;
				CLANG_WARN_OBJC_IMPLICIT_RETAIN_SELF = YES;
				CLANG_WARN_OBJC_LITERAL_CONVERSION = YES;
				CLANG_WARN_OBJC_ROOT_CLASS = YES_ERROR;
				CLANG_WARN_RANGE_LOOP_ANALYSIS = YES;
				CLANG_WARN_STRICT_PROTOTYPES = YES;
				CLANG_WARN_SUSPICIOUS_MOVE = YES;
				CLANG_WARN_UNGUARDED_AVAILABILITY = YES_AGGRESSIVE;
				CLANG_WARN_UNREACHABLE_CODE = YES;
				CLANG_WARN__DUPLICATE_METHOD_MATCH = YES;
				COPY_PHASE_STRIP = NO;
				DEBUG_INFORMATION_FORMAT = "dwarf-with-dsym";
				ENABLE_NS_ASSERTIONS = NO;
				ENABLE_STRICT_OBJC_MSGSEND = YES;
				GCC_C_LANGUAGE_STANDARD = gnu11;
				GCC_NO_COMMON_BLOCKS = YES;
				GCC_WARN_64_TO_32_BIT_CONVERSION = YES;
				GCC_WARN_ABOUT_RETURN_TYPE = YES_ERROR;
				GCC_WARN_UNDECLARED_SELECTOR = YES;
				GCC_WARN_UNINITIALIZED_AUTOS = YES_AGGRESSIVE;
				GCC_WARN_UNUSED_FUNCTION = YES;
				GCC_WARN_UNUSED_VARIABLE = YES;
				IPHONEOS_DEPLOYMENT_TARGET = 13.7;
				MTL_ENABLE_DEBUG_INFO = NO;
				MTL_FAST_MATH = YES;
				SDKROOT = iphoneos;
				SWIFT_COMPILATION_MODE = wholemodule;
				SWIFT_OPTIMIZATION_LEVEL = "-O";
				VALIDATE_PRODUCT = YES;
			};
			name = Release;
		};
		708E06922508FCB000F1F140 /* Debug */ = {
			isa = XCBuildConfiguration;
			baseConfigurationReference = D6F46F42F3E686FB03407EF8 /* Pods-AppstoreSearch.debug.xcconfig */;
			buildSettings = {
				ASSETCATALOG_COMPILER_APPICON_NAME = AppIcon;
				CODE_SIGN_STYLE = Automatic;
				INFOPLIST_FILE = AppstoreSearch/Info.plist;
				IPHONEOS_DEPLOYMENT_TARGET = 13.0;
				LD_RUNPATH_SEARCH_PATHS = (
					"$(inherited)",
					"@executable_path/Frameworks",
				);
				PRODUCT_BUNDLE_IDENTIFIER = yeowongu.AppstoreSearch;
				PRODUCT_NAME = "$(TARGET_NAME)";
				SWIFT_VERSION = 5.0;
				TARGETED_DEVICE_FAMILY = "1,2";
			};
			name = Debug;
		};
		708E06932508FCB000F1F140 /* Release */ = {
			isa = XCBuildConfiguration;
			baseConfigurationReference = FC180C084F33240CC8FFC1E9 /* Pods-AppstoreSearch.release.xcconfig */;
			buildSettings = {
				ASSETCATALOG_COMPILER_APPICON_NAME = AppIcon;
				CODE_SIGN_STYLE = Automatic;
				INFOPLIST_FILE = AppstoreSearch/Info.plist;
				IPHONEOS_DEPLOYMENT_TARGET = 13.0;
				LD_RUNPATH_SEARCH_PATHS = (
					"$(inherited)",
					"@executable_path/Frameworks",
				);
				PRODUCT_BUNDLE_IDENTIFIER = yeowongu.AppstoreSearch;
				PRODUCT_NAME = "$(TARGET_NAME)";
				SWIFT_VERSION = 5.0;
				TARGETED_DEVICE_FAMILY = "1,2";
			};
			name = Release;
		};
/* End XCBuildConfiguration section */

/* Begin XCConfigurationList section */
		708E06782508FCAF00F1F140 /* Build configuration list for PBXProject "AppstoreSearch" */ = {
			isa = XCConfigurationList;
			buildConfigurations = (
				708E068F2508FCB000F1F140 /* Debug */,
				708E06902508FCB000F1F140 /* Release */,
			);
			defaultConfigurationIsVisible = 0;
			defaultConfigurationName = Release;
		};
		708E06912508FCB000F1F140 /* Build configuration list for PBXNativeTarget "AppstoreSearch" */ = {
			isa = XCConfigurationList;
			buildConfigurations = (
				708E06922508FCB000F1F140 /* Debug */,
				708E06932508FCB000F1F140 /* Release */,
			);
			defaultConfigurationIsVisible = 0;
			defaultConfigurationName = Release;
		};
/* End XCConfigurationList section */
	};
	rootObject = 708E06752508FCAF00F1F140 /* Project object */;
}
